// !$*UTF8*$!
{
	archiveVersion = 1;
	classes = {
	};
	objectVersion = 56;
	objects = {

/* Begin PBXBuildFile section */
		5A162FD12B96E0010020BC7F /* GocartApp.swift in Sources */ = {isa = PBXBuildFile; fileRef = 5A162FD02B96E0010020BC7F /* GocartApp.swift */; };
		5A162FD32B96E0010020BC7F /* CartView.swift in Sources */ = {isa = PBXBuildFile; fileRef = 5A162FD22B96E0010020BC7F /* CartView.swift */; };
		5A162FD52B96E0020020BC7F /* Assets.xcassets in Resources */ = {isa = PBXBuildFile; fileRef = 5A162FD42B96E0020020BC7F /* Assets.xcassets */; };
		5A162FD82B96E0020020BC7F /* Preview Assets.xcassets in Resources */ = {isa = PBXBuildFile; fileRef = 5A162FD72B96E0020020BC7F /* Preview Assets.xcassets */; };
		5A162FE22B96E0020020BC7F /* GocartTests.swift in Sources */ = {isa = PBXBuildFile; fileRef = 5A162FE12B96E0020020BC7F /* GocartTests.swift */; };
		5A162FEC2B96E0020020BC7F /* GocartUITests.swift in Sources */ = {isa = PBXBuildFile; fileRef = 5A162FEB2B96E0020020BC7F /* GocartUITests.swift */; };
		5A162FEE2B96E0020020BC7F /* GocartUITestsLaunchTests.swift in Sources */ = {isa = PBXBuildFile; fileRef = 5A162FED2B96E0020020BC7F /* GocartUITestsLaunchTests.swift */; };
		5A162FFB2B96E0180020BC7F /* GoCartModel.swift in Sources */ = {isa = PBXBuildFile; fileRef = 5A162FFA2B96E0180020BC7F /* GoCartModel.swift */; };
		5A162FFD2B96E05E0020BC7F /* AddToCartModel.swift in Sources */ = {isa = PBXBuildFile; fileRef = 5A162FFC2B96E05E0020BC7F /* AddToCartModel.swift */; };
		5A162FFF2B96E1FD0020BC7F /* AddToCartView.swift in Sources */ = {isa = PBXBuildFile; fileRef = 5A162FFE2B96E1FD0020BC7F /* AddToCartView.swift */; };
		5A1630012B97002C0020BC7F /* CartViewModel.swift in Sources */ = {isa = PBXBuildFile; fileRef = 5A1630002B97002C0020BC7F /* CartViewModel.swift */; };
		5A3EFDBA2B979A960064BEBE /* SplashScreen.swift in Sources */ = {isa = PBXBuildFile; fileRef = 5A3EFDB92B979A960064BEBE /* SplashScreen.swift */; };
/* End PBXBuildFile section */

/* Begin PBXContainerItemProxy section */
		5A162FDE2B96E0020020BC7F /* PBXContainerItemProxy */ = {
			isa = PBXContainerItemProxy;
			containerPortal = 5A162FC52B96E0010020BC7F /* Project object */;
			proxyType = 1;
			remoteGlobalIDString = 5A162FCC2B96E0010020BC7F;
			remoteInfo = Gocart;
		};
		5A162FE82B96E0020020BC7F /* PBXContainerItemProxy */ = {
			isa = PBXContainerItemProxy;
			containerPortal = 5A162FC52B96E0010020BC7F /* Project object */;
			proxyType = 1;
			remoteGlobalIDString = 5A162FCC2B96E0010020BC7F;
			remoteInfo = Gocart;
		};
/* End PBXContainerItemProxy section */

/* Begin PBXFileReference section */
		5A162FCD2B96E0010020BC7F /* Gocart.app */ = {isa = PBXFileReference; explicitFileType = wrapper.application; includeInIndex = 0; path = Gocart.app; sourceTree = BUILT_PRODUCTS_DIR; };
		5A162FD02B96E0010020BC7F /* GocartApp.swift */ = {isa = PBXFileReference; lastKnownFileType = sourcecode.swift; path = GocartApp.swift; sourceTree = "<group>"; };
		5A162FD22B96E0010020BC7F /* CartView.swift */ = {isa = PBXFileReference; lastKnownFileType = sourcecode.swift; path = CartView.swift; sourceTree = "<group>"; };
		5A162FD42B96E0020020BC7F /* Assets.xcassets */ = {isa = PBXFileReference; lastKnownFileType = folder.assetcatalog; path = Assets.xcassets; sourceTree = "<group>"; };
		5A162FD72B96E0020020BC7F /* Preview Assets.xcassets */ = {isa = PBXFileReference; lastKnownFileType = folder.assetcatalog; path = "Preview Assets.xcassets"; sourceTree = "<group>"; };
		5A162FDD2B96E0020020BC7F /* GocartTests.xctest */ = {isa = PBXFileReference; explicitFileType = wrapper.cfbundle; includeInIndex = 0; path = GocartTests.xctest; sourceTree = BUILT_PRODUCTS_DIR; };
		5A162FE12B96E0020020BC7F /* GocartTests.swift */ = {isa = PBXFileReference; lastKnownFileType = sourcecode.swift; path = GocartTests.swift; sourceTree = "<group>"; };
		5A162FE72B96E0020020BC7F /* GocartUITests.xctest */ = {isa = PBXFileReference; explicitFileType = wrapper.cfbundle; includeInIndex = 0; path = GocartUITests.xctest; sourceTree = BUILT_PRODUCTS_DIR; };
		5A162FEB2B96E0020020BC7F /* GocartUITests.swift */ = {isa = PBXFileReference; lastKnownFileType = sourcecode.swift; path = GocartUITests.swift; sourceTree = "<group>"; };
		5A162FED2B96E0020020BC7F /* GocartUITestsLaunchTests.swift */ = {isa = PBXFileReference; lastKnownFileType = sourcecode.swift; path = GocartUITestsLaunchTests.swift; sourceTree = "<group>"; };
		5A162FFA2B96E0180020BC7F /* GoCartModel.swift */ = {isa = PBXFileReference; lastKnownFileType = sourcecode.swift; path = GoCartModel.swift; sourceTree = "<group>"; };
		5A162FFC2B96E05E0020BC7F /* AddToCartModel.swift */ = {isa = PBXFileReference; lastKnownFileType = sourcecode.swift; path = AddToCartModel.swift; sourceTree = "<group>"; };
		5A162FFE2B96E1FD0020BC7F /* AddToCartView.swift */ = {isa = PBXFileReference; lastKnownFileType = sourcecode.swift; path = AddToCartView.swift; sourceTree = "<group>"; };
		5A1630002B97002C0020BC7F /* CartViewModel.swift */ = {isa = PBXFileReference; lastKnownFileType = sourcecode.swift; path = CartViewModel.swift; sourceTree = "<group>"; };
		5A3EFDB92B979A960064BEBE /* SplashScreen.swift */ = {isa = PBXFileReference; lastKnownFileType = sourcecode.swift; path = SplashScreen.swift; sourceTree = "<group>"; };
/* End PBXFileReference section */

/* Begin PBXFrameworksBuildPhase section */
		5A162FCA2B96E0010020BC7F /* Frameworks */ = {
			isa = PBXFrameworksBuildPhase;
			buildActionMask = 2147483647;
			files = (
			);
			runOnlyForDeploymentPostprocessing = 0;
		};
		5A162FDA2B96E0020020BC7F /* Frameworks */ = {
			isa = PBXFrameworksBuildPhase;
			buildActionMask = 2147483647;
			files = (
			);
			runOnlyForDeploymentPostprocessing = 0;
		};
		5A162FE42B96E0020020BC7F /* Frameworks */ = {
			isa = PBXFrameworksBuildPhase;
			buildActionMask = 2147483647;
			files = (
			);
			runOnlyForDeploymentPostprocessing = 0;
		};
/* End PBXFrameworksBuildPhase section */

/* Begin PBXGroup section */
		5A162FC42B96E0010020BC7F = {
			isa = PBXGroup;
			children = (
				5A162FCF2B96E0010020BC7F /* Gocart */,
				5A162FE02B96E0020020BC7F /* GocartTests */,
				5A162FEA2B96E0020020BC7F /* GocartUITests */,
				5A162FCE2B96E0010020BC7F /* Products */,
			);
			sourceTree = "<group>";
		};
		5A162FCE2B96E0010020BC7F /* Products */ = {
			isa = PBXGroup;
			children = (
				5A162FCD2B96E0010020BC7F /* Gocart.app */,
				5A162FDD2B96E0020020BC7F /* GocartTests.xctest */,
				5A162FE72B96E0020020BC7F /* GocartUITests.xctest */,
			);
			name = Products;
			sourceTree = "<group>";
		};
		5A162FCF2B96E0010020BC7F /* Gocart */ = {
			isa = PBXGroup;
			children = (
				5A162FD02B96E0010020BC7F /* GocartApp.swift */,
				5A162FD22B96E0010020BC7F /* CartView.swift */,
				5A3EFDB92B979A960064BEBE /* SplashScreen.swift */,
				5A1630002B97002C0020BC7F /* CartViewModel.swift */,
				5A162FFA2B96E0180020BC7F /* GoCartModel.swift */,
				5A162FFC2B96E05E0020BC7F /* AddToCartModel.swift */,
				5A162FFE2B96E1FD0020BC7F /* AddToCartView.swift */,
				5A162FD42B96E0020020BC7F /* Assets.xcassets */,
				5A3EFDBB2B979C010064BEBE /* New Group */,
				5A162FD62B96E0020020BC7F /* Preview Content */,
			);
			path = Gocart;
			sourceTree = "<group>";
		};
		5A162FD62B96E0020020BC7F /* Preview Content */ = {
			isa = PBXGroup;
			children = (
				5A162FD72B96E0020020BC7F /* Preview Assets.xcassets */,
			);
			path = "Preview Content";
			sourceTree = "<group>";
		};
		5A162FE02B96E0020020BC7F /* GocartTests */ = {
			isa = PBXGroup;
			children = (
				5A162FE12B96E0020020BC7F /* GocartTests.swift */,
			);
			path = GocartTests;
			sourceTree = "<group>";
		};
		5A162FEA2B96E0020020BC7F /* GocartUITests */ = {
			isa = PBXGroup;
			children = (
				5A162FEB2B96E0020020BC7F /* GocartUITests.swift */,
				5A162FED2B96E0020020BC7F /* GocartUITestsLaunchTests.swift */,
			);
			path = GocartUITests;
			sourceTree = "<group>";
		};
		5A3EFDBB2B979C010064BEBE /* New Group */ = {
			isa = PBXGroup;
			children = (
			);
			path = "New Group";
			sourceTree = "<group>";
		};
/* End PBXGroup section */

/* Begin PBXNativeTarget section */
		5A162FCC2B96E0010020BC7F /* Gocart */ = {
			isa = PBXNativeTarget;
			buildConfigurationList = 5A162FF12B96E0020020BC7F /* Build configuration list for PBXNativeTarget "Gocart" */;
			buildPhases = (
				5A162FC92B96E0010020BC7F /* Sources */,
				5A162FCA2B96E0010020BC7F /* Frameworks */,
				5A162FCB2B96E0010020BC7F /* Resources */,
			);
			buildRules = (
			);
			dependencies = (
			);
			name = Gocart;
			productName = Gocart;
			productReference = 5A162FCD2B96E0010020BC7F /* Gocart.app */;
			productType = "com.apple.product-type.application";
		};
		5A162FDC2B96E0020020BC7F /* GocartTests */ = {
			isa = PBXNativeTarget;
			buildConfigurationList = 5A162FF42B96E0020020BC7F /* Build configuration list for PBXNativeTarget "GocartTests" */;
			buildPhases = (
				5A162FD92B96E0020020BC7F /* Sources */,
				5A162FDA2B96E0020020BC7F /* Frameworks */,
				5A162FDB2B96E0020020BC7F /* Resources */,
			);
			buildRules = (
			);
			dependencies = (
				5A162FDF2B96E0020020BC7F /* PBXTargetDependency */,
			);
			name = GocartTests;
			productName = GocartTests;
			productReference = 5A162FDD2B96E0020020BC7F /* GocartTests.xctest */;
			productType = "com.apple.product-type.bundle.unit-test";
		};
		5A162FE62B96E0020020BC7F /* GocartUITests */ = {
			isa = PBXNativeTarget;
			buildConfigurationList = 5A162FF72B96E0020020BC7F /* Build configuration list for PBXNativeTarget "GocartUITests" */;
			buildPhases = (
				5A162FE32B96E0020020BC7F /* Sources */,
				5A162FE42B96E0020020BC7F /* Frameworks */,
				5A162FE52B96E0020020BC7F /* Resources */,
			);
			buildRules = (
			);
			dependencies = (
				5A162FE92B96E0020020BC7F /* PBXTargetDependency */,
			);
			name = GocartUITests;
			productName = GocartUITests;
			productReference = 5A162FE72B96E0020020BC7F /* GocartUITests.xctest */;
			productType = "com.apple.product-type.bundle.ui-testing";
		};
/* End PBXNativeTarget section */

/* Begin PBXProject section */
		5A162FC52B96E0010020BC7F /* Project object */ = {
			isa = PBXProject;
			attributes = {
				BuildIndependentTargetsInParallel = 1;
				LastSwiftUpdateCheck = 1520;
				LastUpgradeCheck = 1520;
				TargetAttributes = {
					5A162FCC2B96E0010020BC7F = {
						CreatedOnToolsVersion = 15.2;
					};
					5A162FDC2B96E0020020BC7F = {
						CreatedOnToolsVersion = 15.2;
						TestTargetID = 5A162FCC2B96E0010020BC7F;
					};
					5A162FE62B96E0020020BC7F = {
						CreatedOnToolsVersion = 15.2;
						TestTargetID = 5A162FCC2B96E0010020BC7F;
					};
				};
			};
			buildConfigurationList = 5A162FC82B96E0010020BC7F /* Build configuration list for PBXProject "Gocart" */;
			compatibilityVersion = "Xcode 14.0";
			developmentRegion = en;
			hasScannedForEncodings = 0;
			knownRegions = (
				en,
				Base,
			);
			mainGroup = 5A162FC42B96E0010020BC7F;
			productRefGroup = 5A162FCE2B96E0010020BC7F /* Products */;
			projectDirPath = "";
			projectRoot = "";
			targets = (
				5A162FCC2B96E0010020BC7F /* Gocart */,
				5A162FDC2B96E0020020BC7F /* GocartTests */,
				5A162FE62B96E0020020BC7F /* GocartUITests */,
			);
		};
/* End PBXProject section */

/* Begin PBXResourcesBuildPhase section */
		5A162FCB2B96E0010020BC7F /* Resources */ = {
			isa = PBXResourcesBuildPhase;
			buildActionMask = 2147483647;
			files = (
				5A162FD82B96E0020020BC7F /* Preview Assets.xcassets in Resources */,
				5A162FD52B96E0020020BC7F /* Assets.xcassets in Resources */,
			);
			runOnlyForDeploymentPostprocessing = 0;
		};
		5A162FDB2B96E0020020BC7F /* Resources */ = {
			isa = PBXResourcesBuildPhase;
			buildActionMask = 2147483647;
			files = (
			);
			runOnlyForDeploymentPostprocessing = 0;
		};
		5A162FE52B96E0020020BC7F /* Resources */ = {
			isa = PBXResourcesBuildPhase;
			buildActionMask = 2147483647;
			files = (
			);
			runOnlyForDeploymentPostprocessing = 0;
		};
/* End PBXResourcesBuildPhase section */

/* Begin PBXSourcesBuildPhase section */
		5A162FC92B96E0010020BC7F /* Sources */ = {
			isa = PBXSourcesBuildPhase;
			buildActionMask = 2147483647;
			files = (
				5A1630012B97002C0020BC7F /* CartViewModel.swift in Sources */,
				5A162FFB2B96E0180020BC7F /* GoCartModel.swift in Sources */,
				5A3EFDBA2B979A960064BEBE /* SplashScreen.swift in Sources */,
				5A162FFD2B96E05E0020BC7F /* AddToCartModel.swift in Sources */,
				5A162FD32B96E0010020BC7F /* CartView.swift in Sources */,
				5A162FFF2B96E1FD0020BC7F /* AddToCartView.swift in Sources */,
				5A162FD12B96E0010020BC7F /* GocartApp.swift in Sources */,
			);
			runOnlyForDeploymentPostprocessing = 0;
		};
		5A162FD92B96E0020020BC7F /* Sources */ = {
			isa = PBXSourcesBuildPhase;
			buildActionMask = 2147483647;
			files = (
				5A162FE22B96E0020020BC7F /* GocartTests.swift in Sources */,
			);
			runOnlyForDeploymentPostprocessing = 0;
		};
		5A162FE32B96E0020020BC7F /* Sources */ = {
			isa = PBXSourcesBuildPhase;
			buildActionMask = 2147483647;
			files = (
				5A162FEE2B96E0020020BC7F /* GocartUITestsLaunchTests.swift in Sources */,
				5A162FEC2B96E0020020BC7F /* GocartUITests.swift in Sources */,
			);
			runOnlyForDeploymentPostprocessing = 0;
		};
/* End PBXSourcesBuildPhase section */

/* Begin PBXTargetDependency section */
		5A162FDF2B96E0020020BC7F /* PBXTargetDependency */ = {
			isa = PBXTargetDependency;
			target = 5A162FCC2B96E0010020BC7F /* Gocart */;
			targetProxy = 5A162FDE2B96E0020020BC7F /* PBXContainerItemProxy */;
		};
		5A162FE92B96E0020020BC7F /* PBXTargetDependency */ = {
			isa = PBXTargetDependency;
			target = 5A162FCC2B96E0010020BC7F /* Gocart */;
			targetProxy = 5A162FE82B96E0020020BC7F /* PBXContainerItemProxy */;
		};
/* End PBXTargetDependency section */

/* Begin XCBuildConfiguration section */
		5A162FEF2B96E0020020BC7F /* Debug */ = {
			isa = XCBuildConfiguration;
			buildSettings = {
				ALWAYS_SEARCH_USER_PATHS = NO;
				ASSETCATALOG_COMPILER_GENERATE_SWIFT_ASSET_SYMBOL_EXTENSIONS = YES;
				CLANG_ANALYZER_NONNULL = YES;
				CLANG_ANALYZER_NUMBER_OBJECT_CONVERSION = YES_AGGRESSIVE;
				CLANG_CXX_LANGUAGE_STANDARD = "gnu++20";
				CLANG_ENABLE_MODULES = YES;
				CLANG_ENABLE_OBJC_ARC = YES;
				CLANG_ENABLE_OBJC_WEAK = YES;
				CLANG_WARN_BLOCK_CAPTURE_AUTORELEASING = YES;
				CLANG_WARN_BOOL_CONVERSION = YES;
				CLANG_WARN_COMMA = YES;
				CLANG_WARN_CONSTANT_CONVERSION = YES;
				CLANG_WARN_DEPRECATED_OBJC_IMPLEMENTATIONS = YES;
				CLANG_WARN_DIRECT_OBJC_ISA_USAGE = YES_ERROR;
				CLANG_WARN_DOCUMENTATION_COMMENTS = YES;
				CLANG_WARN_EMPTY_BODY = YES;
				CLANG_WARN_ENUM_CONVERSION = YES;
				CLANG_WARN_INFINITE_RECURSION = YES;
				CLANG_WARN_INT_CONVERSION = YES;
				CLANG_WARN_NON_LITERAL_NULL_CONVERSION = YES;
				CLANG_WARN_OBJC_IMPLICIT_RETAIN_SELF = YES;
				CLANG_WARN_OBJC_LITERAL_CONVERSION = YES;
				CLANG_WARN_OBJC_ROOT_CLASS = YES_ERROR;
				CLANG_WARN_QUOTED_INCLUDE_IN_FRAMEWORK_HEADER = YES;
				CLANG_WARN_RANGE_LOOP_ANALYSIS = YES;
				CLANG_WARN_STRICT_PROTOTYPES = YES;
				CLANG_WARN_SUSPICIOUS_MOVE = YES;
				CLANG_WARN_UNGUARDED_AVAILABILITY = YES_AGGRESSIVE;
				CLANG_WARN_UNREACHABLE_CODE = YES;
				CLANG_WARN__DUPLICATE_METHOD_MATCH = YES;
				COPY_PHASE_STRIP = NO;
				DEBUG_INFORMATION_FORMAT = dwarf;
				ENABLE_STRICT_OBJC_MSGSEND = YES;
				ENABLE_TESTABILITY = YES;
				ENABLE_USER_SCRIPT_SANDBOXING = YES;
				GCC_C_LANGUAGE_STANDARD = gnu17;
				GCC_DYNAMIC_NO_PIC = NO;
				GCC_NO_COMMON_BLOCKS = YES;
				GCC_OPTIMIZATION_LEVEL = 0;
				GCC_PREPROCESSOR_DEFINITIONS = (
					"DEBUG=1",
					"$(inherited)",
				);
				GCC_WARN_64_TO_32_BIT_CONVERSION = YES;
				GCC_WARN_ABOUT_RETURN_TYPE = YES_ERROR;
				GCC_WARN_UNDECLARED_SELECTOR = YES;
				GCC_WARN_UNINITIALIZED_AUTOS = YES_AGGRESSIVE;
				GCC_WARN_UNUSED_FUNCTION = YES;
				GCC_WARN_UNUSED_VARIABLE = YES;
				IPHONEOS_DEPLOYMENT_TARGET = 17.2;
				LOCALIZATION_PREFERS_STRING_CATALOGS = YES;
				MTL_ENABLE_DEBUG_INFO = INCLUDE_SOURCE;
				MTL_FAST_MATH = YES;
				ONLY_ACTIVE_ARCH = YES;
				SDKROOT = iphoneos;
				SWIFT_ACTIVE_COMPILATION_CONDITIONS = "DEBUG $(inherited)";
				SWIFT_OPTIMIZATION_LEVEL = "-Onone";
			};
			name = Debug;
		};
		5A162FF02B96E0020020BC7F /* Release */ = {
			isa = XCBuildConfiguration;
			buildSettings = {
				ALWAYS_SEARCH_USER_PATHS = NO;
				ASSETCATALOG_COMPILER_GENERATE_SWIFT_ASSET_SYMBOL_EXTENSIONS = YES;
				CLANG_ANALYZER_NONNULL = YES;
				CLANG_ANALYZER_NUMBER_OBJECT_CONVERSION = YES_AGGRESSIVE;
				CLANG_CXX_LANGUAGE_STANDARD = "gnu++20";
				CLANG_ENABLE_MODULES = YES;
				CLANG_ENABLE_OBJC_ARC = YES;
				CLANG_ENABLE_OBJC_WEAK = YES;
				CLANG_WARN_BLOCK_CAPTURE_AUTORELEASING = YES;
				CLANG_WARN_BOOL_CONVERSION = YES;
				CLANG_WARN_COMMA = YES;
				CLANG_WARN_CONSTANT_CONVERSION = YES;
				CLANG_WARN_DEPRECATED_OBJC_IMPLEMENTATIONS = YES;
				CLANG_WARN_DIRECT_OBJC_ISA_USAGE = YES_ERROR;
				CLANG_WARN_DOCUMENTATION_COMMENTS = YES;
				CLANG_WARN_EMPTY_BODY = YES;
				CLANG_WARN_ENUM_CONVERSION = YES;
				CLANG_WARN_INFINITE_RECURSION = YES;
				CLANG_WARN_INT_CONVERSION = YES;
				CLANG_WARN_NON_LITERAL_NULL_CONVERSION = YES;
				CLANG_WARN_OBJC_IMPLICIT_RETAIN_SELF = YES;
				CLANG_WARN_OBJC_LITERAL_CONVERSION = YES;
				CLANG_WARN_OBJC_ROOT_CLASS = YES_ERROR;
				CLANG_WARN_QUOTED_INCLUDE_IN_FRAMEWORK_HEADER = YES;
				CLANG_WARN_RANGE_LOOP_ANALYSIS = YES;
				CLANG_WARN_STRICT_PROTOTYPES = YES;
				CLANG_WARN_SUSPICIOUS_MOVE = YES;
				CLANG_WARN_UNGUARDED_AVAILABILITY = YES_AGGRESSIVE;
				CLANG_WARN_UNREACHABLE_CODE = YES;
				CLANG_WARN__DUPLICATE_METHOD_MATCH = YES;
				COPY_PHASE_STRIP = NO;
				DEBUG_INFORMATION_FORMAT = "dwarf-with-dsym";
				ENABLE_NS_ASSERTIONS = NO;
				ENABLE_STRICT_OBJC_MSGSEND = YES;
				ENABLE_USER_SCRIPT_SANDBOXING = YES;
				GCC_C_LANGUAGE_STANDARD = gnu17;
				GCC_NO_COMMON_BLOCKS = YES;
				GCC_WARN_64_TO_32_BIT_CONVERSION = YES;
				GCC_WARN_ABOUT_RETURN_TYPE = YES_ERROR;
				GCC_WARN_UNDECLARED_SELECTOR = YES;
				GCC_WARN_UNINITIALIZED_AUTOS = YES_AGGRESSIVE;
				GCC_WARN_UNUSED_FUNCTION = YES;
				GCC_WARN_UNUSED_VARIABLE = YES;
				IPHONEOS_DEPLOYMENT_TARGET = 17.2;
				LOCALIZATION_PREFERS_STRING_CATALOGS = YES;
				MTL_ENABLE_DEBUG_INFO = NO;
				MTL_FAST_MATH = YES;
				SDKROOT = iphoneos;
				SWIFT_COMPILATION_MODE = wholemodule;
				VALIDATE_PRODUCT = YES;
			};
			name = Release;
		};
		5A162FF22B96E0020020BC7F /* Debug */ = {
			isa = XCBuildConfiguration;
			buildSettings = {
				ASSETCATALOG_COMPILER_APPICON_NAME = AppIcon;
				ASSETCATALOG_COMPILER_GLOBAL_ACCENT_COLOR_NAME = AccentColor;
				CODE_SIGN_STYLE = Automatic;
				CURRENT_PROJECT_VERSION = 1;
				DEVELOPMENT_ASSET_PATHS = "\"Gocart/Preview Content\"";
				ENABLE_PREVIEWS = YES;
				GENERATE_INFOPLIST_FILE = YES;
				INFOPLIST_KEY_UIApplicationSceneManifest_Generation = YES;
				INFOPLIST_KEY_UIApplicationSupportsIndirectInputEvents = YES;
				INFOPLIST_KEY_UILaunchScreen_Generation = YES;
				INFOPLIST_KEY_UISupportedInterfaceOrientations_iPad = "UIInterfaceOrientationPortrait UIInterfaceOrientationPortraitUpsideDown UIInterfaceOrientationLandscapeLeft UIInterfaceOrientationLandscapeRight";
				INFOPLIST_KEY_UISupportedInterfaceOrientations_iPhone = "UIInterfaceOrientationPortrait UIInterfaceOrientationLandscapeLeft UIInterfaceOrientationLandscapeRight";
				LD_RUNPATH_SEARCH_PATHS = (
					"$(inherited)",
					"@executable_path/Frameworks",
				);
				MARKETING_VERSION = 1.0;
				PRODUCT_BUNDLE_IDENTIFIER = d.company.Gocart;
				PRODUCT_NAME = "$(TARGET_NAME)";
				SWIFT_EMIT_LOC_STRINGS = YES;
				SWIFT_VERSION = 5.0;
				TARGETED_DEVICE_FAMILY = "1,2";
			};
			name = Debug;
		};
		5A162FF32B96E0020020BC7F /* Release */ = {
			isa = XCBuildConfiguration;
			buildSettings = {
				ASSETCATALOG_COMPILER_APPICON_NAME = AppIcon;
				ASSETCATALOG_COMPILER_GLOBAL_ACCENT_COLOR_NAME = AccentColor;
				CODE_SIGN_STYLE = Automatic;
				CURRENT_PROJECT_VERSION = 1;
				DEVELOPMENT_ASSET_PATHS = "\"Gocart/Preview Content\"";
				ENABLE_PREVIEWS = YES;
				GENERATE_INFOPLIST_FILE = YES;
				INFOPLIST_KEY_UIApplicationSceneManifest_Generation = YES;
				INFOPLIST_KEY_UIApplicationSupportsIndirectInputEvents = YES;
				INFOPLIST_KEY_UILaunchScreen_Generation = YES;
				INFOPLIST_KEY_UISupportedInterfaceOrientations_iPad = "UIInterfaceOrientationPortrait UIInterfaceOrientationPortraitUpsideDown UIInterfaceOrientationLandscapeLeft UIInterfaceOrientationLandscapeRight";
				INFOPLIST_KEY_UISupportedInterfaceOrientations_iPhone = "UIInterfaceOrientationPortrait UIInterfaceOrientationLandscapeLeft UIInterfaceOrientationLandscapeRight";
				LD_RUNPATH_SEARCH_PATHS = (
					"$(inherited)",
					"@executable_path/Frameworks",
				);
				MARKETING_VERSION = 1.0;
				PRODUCT_BUNDLE_IDENTIFIER = d.company.Gocart;
				PRODUCT_NAME = "$(TARGET_NAME)";
				SWIFT_EMIT_LOC_STRINGS = YES;
				SWIFT_VERSION = 5.0;
				TARGETED_DEVICE_FAMILY = "1,2";
			};
			name = Release;
		};
		5A162FF52B96E0020020BC7F /* Debug */ = {
			isa = XCBuildConfiguration;
			buildSettings = {
				ALWAYS_EMBED_SWIFT_STANDARD_LIBRARIES = YES;
				BUNDLE_LOADER = "$(TEST_HOST)";
				CODE_SIGN_STYLE = Automatic;
				CURRENT_PROJECT_VERSION = 1;
				GENERATE_INFOPLIST_FILE = YES;
				IPHONEOS_DEPLOYMENT_TARGET = 17.2;
				MARKETING_VERSION = 1.0;
				PRODUCT_BUNDLE_IDENTIFIER = d.company.GocartTests;
				PRODUCT_NAME = "$(TARGET_NAME)";
				SWIFT_EMIT_LOC_STRINGS = NO;
				SWIFT_VERSION = 5.0;
				TARGETED_DEVICE_FAMILY = "1,2";
				TEST_HOST = "$(BUILT_PRODUCTS_DIR)/Gocart.app/$(BUNDLE_EXECUTABLE_FOLDER_PATH)/Gocart";
			};
			name = Debug;
		};
		5A162FF62B96E0020020BC7F /* Release */ = {
			isa = XCBuildConfiguration;
			buildSettings = {
				ALWAYS_EMBED_SWIFT_STANDARD_LIBRARIES = YES;
				BUNDLE_LOADER = "$(TEST_HOST)";
				CODE_SIGN_STYLE = Automatic;
				CURRENT_PROJECT_VERSION = 1;
				GENERATE_INFOPLIST_FILE = YES;
				IPHONEOS_DEPLOYMENT_TARGET = 17.2;
				MARKETING_VERSION = 1.0;
				PRODUCT_BUNDLE_IDENTIFIER = d.company.GocartTests;
				PRODUCT_NAME = "$(TARGET_NAME)";
				SWIFT_EMIT_LOC_STRINGS = NO;
				SWIFT_VERSION = 5.0;
				TARGETED_DEVICE_FAMILY = "1,2";
				TEST_HOST = "$(BUILT_PRODUCTS_DIR)/Gocart.app/$(BUNDLE_EXECUTABLE_FOLDER_PATH)/Gocart";
			};
			name = Release;
		};
		5A162FF82B96E0020020BC7F /* Debug */ = {
			isa = XCBuildConfiguration;
			buildSettings = {
				ALWAYS_EMBED_SWIFT_STANDARD_LIBRARIES = YES;
				CODE_SIGN_STYLE = Automatic;
				CURRENT_PROJECT_VERSION = 1;
				GENERATE_INFOPLIST_FILE = YES;
				MARKETING_VERSION = 1.0;
				PRODUCT_BUNDLE_IDENTIFIER = d.company.GocartUITests;
				PRODUCT_NAME = "$(TARGET_NAME)";
				SWIFT_EMIT_LOC_STRINGS = NO;
				SWIFT_VERSION = 5.0;
				TARGETED_DEVICE_FAMILY = "1,2";
				TEST_TARGET_NAME = Gocart;
			};
			name = Debug;
		};
		5A162FF92B96E0020020BC7F /* Release */ = {
			isa = XCBuildConfiguration;
			buildSettings = {
				ALWAYS_EMBED_SWIFT_STANDARD_LIBRARIES = YES;
				CODE_SIGN_STYLE = Automatic;
				CURRENT_PROJECT_VERSION = 1;
				GENERATE_INFOPLIST_FILE = YES;
				MARKETING_VERSION = 1.0;
				PRODUCT_BUNDLE_IDENTIFIER = d.company.GocartUITests;
				PRODUCT_NAME = "$(TARGET_NAME)";
				SWIFT_EMIT_LOC_STRINGS = NO;
				SWIFT_VERSION = 5.0;
				TARGETED_DEVICE_FAMILY = "1,2";
				TEST_TARGET_NAME = Gocart;
			};
			name = Release;
		};
/* End XCBuildConfiguration section */

/* Begin XCConfigurationList section */
		5A162FC82B96E0010020BC7F /* Build configuration list for PBXProject "Gocart" */ = {
			isa = XCConfigurationList;
			buildConfigurations = (
				5A162FEF2B96E0020020BC7F /* Debug */,
				5A162FF02B96E0020020BC7F /* Release */,
			);
			defaultConfigurationIsVisible = 0;
			defaultConfigurationName = Release;
		};
		5A162FF12B96E0020020BC7F /* Build configuration list for PBXNativeTarget "Gocart" */ = {
			isa = XCConfigurationList;
			buildConfigurations = (
				5A162FF22B96E0020020BC7F /* Debug */,
				5A162FF32B96E0020020BC7F /* Release */,
			);
			defaultConfigurationIsVisible = 0;
			defaultConfigurationName = Release;
		};
		5A162FF42B96E0020020BC7F /* Build configuration list for PBXNativeTarget "GocartTests" */ = {
			isa = XCConfigurationList;
			buildConfigurations = (
				5A162FF52B96E0020020BC7F /* Debug */,
				5A162FF62B96E0020020BC7F /* Release */,
			);
			defaultConfigurationIsVisible = 0;
			defaultConfigurationName = Release;
		};
		5A162FF72B96E0020020BC7F /* Build configuration list for PBXNativeTarget "GocartUITests" */ = {
			isa = XCConfigurationList;
			buildConfigurations = (
				5A162FF82B96E0020020BC7F /* Debug */,
				5A162FF92B96E0020020BC7F /* Release */,
			);
			defaultConfigurationIsVisible = 0;
			defaultConfigurationName = Release;
		};
/* End XCConfigurationList section */
	};
	rootObject = 5A162FC52B96E0010020BC7F /* Project object */;
}
